
Microsoft Visual Studio Solution File, Format Version 12.00
# Visual Studio Version 16
VisualStudioVersion = 16.0.31702.278
MinimumVisualStudioVersion = 10.0.40219.1
Project("{FAE04EC0-301F-11D3-BF4B-00C04F79EFBC}") = "Software_EKG_STM32", "Software_EKG_STM32\Software_EKG_STM32.csproj", "{BA3A5702-5909-40FC-AE05-86231D395745}"
EndProject
Global
	GlobalSection(SolutionConfigurationPlatforms) = preSolution
		Debug|x64 = Debug|x64
		Release|x64 = Release|x64
	EndGlobalSection
	GlobalSection(ProjectConfigurationPlatforms) = postSolution
		{BA3A5702-5909-40FC-AE05-86231D395745}.Debug|x64.ActiveCfg = Debug|x64
		{BA3A5702-5909-40FC-AE05-86231D395745}.Debug|x64.Build.0 = Debug|x64
		{BA3A5702-5909-40FC-AE05-86231D395745}.Release|x64.ActiveCfg = Release|x64
		{BA3A5702-5909-40FC-AE05-86231D395745}.Release|x64.Build.0 = Release|x64
	EndGlobalSection
	GlobalSection(SolutionProperties) = preSolution
		HideSolutionNode = FALSE
	EndGlobalSection
	GlobalSection(ExtensibilityGlobals) = postSolution
		SolutionGuid = {D14A8FC5-D422-487E-80F2-C6E15875A040}
	EndGlobalSection
EndGlobal
